// !$*UTF8*$!
{
	archiveVersion = 1;
	classes = {
	};
	objectVersion = 46;
	objects = {

/* Begin PBXBuildFile section */
		522BF9A0193354A300546EEF /* IFPropertyPopover.m in Sources */ = {isa = PBXBuildFile; fileRef = 522BF99E193354A300546EEF /* IFPropertyPopover.m */; };
		522BF9A1193354A300546EEF /* IFPropertyView.xib in Resources */ = {isa = PBXBuildFile; fileRef = 522BF99F193354A300546EEF /* IFPropertyView.xib */; };
		52347305190BF81D0070B41A /* IFExportPanelController.m in Sources */ = {isa = PBXBuildFile; fileRef = 52347303190BF81D0070B41A /* IFExportPanelController.m */; };
		52347306190BF81D0070B41A /* IFExportPanel.xib in Resources */ = {isa = PBXBuildFile; fileRef = 52347304190BF81D0070B41A /* IFExportPanel.xib */; };
		526F294918FD2E9B00DAAFCF /* IFDocumentWindowController.m in Sources */ = {isa = PBXBuildFile; fileRef = 526F294818FD2E9B00DAAFCF /* IFDocumentWindowController.m */; };
		526F294E18FD3D8000DAAFCF /* IFMagnifyCollectionView.m in Sources */ = {isa = PBXBuildFile; fileRef = 526F294D18FD3D8000DAAFCF /* IFMagnifyCollectionView.m */; };
		527A391A190BA5B500F041FA /* NSBezierPath+SVGPathString.m in Sources */ = {isa = PBXBuildFile; fileRef = 527A3919190BA5B500F041FA /* NSBezierPath+SVGPathString.m */; };
		527B07BE191529E7004B845A /* resolution-preset.plist in Resources */ = {isa = PBXBuildFile; fileRef = 527B07BD191529E7004B845A /* resolution-preset.plist */; };
		52C35F551914B82100A1408D /* IFProgressPanel.m in Sources */ = {isa = PBXBuildFile; fileRef = 52C35F541914B82100A1408D /* IFProgressPanel.m */; };
		52E8691D190FB82300E1C65A /* IFGlyphView.m in Sources */ = {isa = PBXBuildFile; fileRef = 52E8691C190FB82300E1C65A /* IFGlyphView.m */; };
		52E86925190FCB0700E1C65A /* IFFontGlyphModel.m in Sources */ = {isa = PBXBuildFile; fileRef = 52E86924190FCB0700E1C65A /* IFFontGlyphModel.m */; };
		52E869281910E1A200E1C65A /* IFTableGlyphCell.m in Sources */ = {isa = PBXBuildFile; fileRef = 52E869271910E1A200E1C65A /* IFTableGlyphCell.m */; };
		52EE318B18F97E7D00E27B86 /* Cocoa.framework in Frameworks */ = {isa = PBXBuildFile; fileRef = 52EE318A18F97E7D00E27B86 /* Cocoa.framework */; };
		52EE319518F97E7D00E27B86 /* InfoPlist.strings in Resources */ = {isa = PBXBuildFile; fileRef = 52EE319318F97E7D00E27B86 /* InfoPlist.strings */; };
		52EE319718F97E7D00E27B86 /* main.m in Sources */ = {isa = PBXBuildFile; fileRef = 52EE319618F97E7D00E27B86 /* main.m */; };
		52EE319B18F97E7D00E27B86 /* Credits.rtf in Resources */ = {isa = PBXBuildFile; fileRef = 52EE319918F97E7D00E27B86 /* Credits.rtf */; };
		52EE319E18F97E7D00E27B86 /* IFFontDocument.m in Sources */ = {isa = PBXBuildFile; fileRef = 52EE319D18F97E7D00E27B86 /* IFFontDocument.m */; };
		52EE31A118F97E7D00E27B86 /* IFDocumentWindow.xib in Resources */ = {isa = PBXBuildFile; fileRef = 52EE319F18F97E7D00E27B86 /* IFDocumentWindow.xib */; };
		52EE31A418F97E7D00E27B86 /* MainMenu.xib in Resources */ = {isa = PBXBuildFile; fileRef = 52EE31A218F97E7D00E27B86 /* MainMenu.xib */; };
		52EE31A618F97E7D00E27B86 /* Images.xcassets in Resources */ = {isa = PBXBuildFile; fileRef = 52EE31A518F97E7D00E27B86 /* Images.xcassets */; };
		52EE31CE18F9977800E27B86 /* IFCollectionGlyphCell.m in Sources */ = {isa = PBXBuildFile; fileRef = 52EE31CD18F9977800E27B86 /* IFCollectionGlyphCell.m */; };
		52F85C2318FD4A2100F42D76 /* IFCollectionGridLayout.m in Sources */ = {isa = PBXBuildFile; fileRef = 52F85C2218FD4A2100F42D76 /* IFCollectionGridLayout.m */; };
		8EE3D5A1536448EB95CF014A /* libPods.a in Frameworks */ = {isa = PBXBuildFile; fileRef = F283762F9E844787A189F853 /* libPods.a */; };
/* End PBXBuildFile section */

/* Begin PBXFileReference section */
		522BF99D193354A300546EEF /* IFPropertyPopover.h */ = {isa = PBXFileReference; fileEncoding = 4; lastKnownFileType = sourcecode.c.h; path = IFPropertyPopover.h; sourceTree = "<group>"; };
		522BF99E193354A300546EEF /* IFPropertyPopover.m */ = {isa = PBXFileReference; fileEncoding = 4; lastKnownFileType = sourcecode.c.objc; path = IFPropertyPopover.m; sourceTree = "<group>"; };
		522BF99F193354A300546EEF /* IFPropertyView.xib */ = {isa = PBXFileReference; fileEncoding = 4; lastKnownFileType = file.xib; path = IFPropertyView.xib; sourceTree = "<group>"; };
		52347302190BF81D0070B41A /* IFExportPanelController.h */ = {isa = PBXFileReference; fileEncoding = 4; lastKnownFileType = sourcecode.c.h; path = IFExportPanelController.h; sourceTree = "<group>"; };
		52347303190BF81D0070B41A /* IFExportPanelController.m */ = {isa = PBXFileReference; fileEncoding = 4; lastKnownFileType = sourcecode.c.objc; path = IFExportPanelController.m; sourceTree = "<group>"; };
		52347304190BF81D0070B41A /* IFExportPanel.xib */ = {isa = PBXFileReference; fileEncoding = 4; lastKnownFileType = file.xib; path = IFExportPanel.xib; sourceTree = "<group>"; };
		526F294718FD2E9B00DAAFCF /* IFDocumentWindowController.h */ = {isa = PBXFileReference; fileEncoding = 4; lastKnownFileType = sourcecode.c.h; path = IFDocumentWindowController.h; sourceTree = "<group>"; };
		526F294818FD2E9B00DAAFCF /* IFDocumentWindowController.m */ = {isa = PBXFileReference; fileEncoding = 4; lastKnownFileType = sourcecode.c.objc; path = IFDocumentWindowController.m; sourceTree = "<group>"; };
		526F294C18FD3D8000DAAFCF /* IFMagnifyCollectionView.h */ = {isa = PBXFileReference; fileEncoding = 4; lastKnownFileType = sourcecode.c.h; path = IFMagnifyCollectionView.h; sourceTree = "<group>"; };
		526F294D18FD3D8000DAAFCF /* IFMagnifyCollectionView.m */ = {isa = PBXFileReference; fileEncoding = 4; lastKnownFileType = sourcecode.c.objc; path = IFMagnifyCollectionView.m; sourceTree = "<group>"; };
		527A3918190BA5B500F041FA /* NSBezierPath+SVGPathString.h */ = {isa = PBXFileReference; fileEncoding = 4; lastKnownFileType = sourcecode.c.h; path = "NSBezierPath+SVGPathString.h"; sourceTree = "<group>"; };
		527A3919190BA5B500F041FA /* NSBezierPath+SVGPathString.m */ = {isa = PBXFileReference; fileEncoding = 4; lastKnownFileType = sourcecode.c.objc; path = "NSBezierPath+SVGPathString.m"; sourceTree = "<group>"; };
		527B07BD191529E7004B845A /* resolution-preset.plist */ = {isa = PBXFileReference; fileEncoding = 4; lastKnownFileType = text.plist.xml; path = "resolution-preset.plist"; sourceTree = "<group>"; };
		52C35F531914B82100A1408D /* IFProgressPanel.h */ = {isa = PBXFileReference; fileEncoding = 4; lastKnownFileType = sourcecode.c.h; path = IFProgressPanel.h; sourceTree = "<group>"; };
		52C35F541914B82100A1408D /* IFProgressPanel.m */ = {isa = PBXFileReference; fileEncoding = 4; lastKnownFileType = sourcecode.c.objc; path = IFProgressPanel.m; sourceTree = "<group>"; };
		52E8691B190FB82300E1C65A /* IFGlyphView.h */ = {isa = PBXFileReference; fileEncoding = 4; lastKnownFileType = sourcecode.c.h; path = IFGlyphView.h; sourceTree = "<group>"; };
		52E8691C190FB82300E1C65A /* IFGlyphView.m */ = {isa = PBXFileReference; fileEncoding = 4; lastKnownFileType = sourcecode.c.objc; path = IFGlyphView.m; sourceTree = "<group>"; };
		52E86922190FC59700E1C65A /* IFModelProtocol.h */ = {isa = PBXFileReference; lastKnownFileType = sourcecode.c.h; path = IFModelProtocol.h; sourceTree = "<group>"; };
		52E86923190FCB0700E1C65A /* IFFontGlyphModel.h */ = {isa = PBXFileReference; fileEncoding = 4; lastKnownFileType = sourcecode.c.h; path = IFFontGlyphModel.h; sourceTree = "<group>"; };
		52E86924190FCB0700E1C65A /* IFFontGlyphModel.m */ = {isa = PBXFileReference; fileEncoding = 4; lastKnownFileType = sourcecode.c.objc; path = IFFontGlyphModel.m; sourceTree = "<group>"; };
		52E869261910E1A200E1C65A /* IFTableGlyphCell.h */ = {isa = PBXFileReference; fileEncoding = 4; lastKnownFileType = sourcecode.c.h; path = IFTableGlyphCell.h; sourceTree = "<group>"; };
		52E869271910E1A200E1C65A /* IFTableGlyphCell.m */ = {isa = PBXFileReference; fileEncoding = 4; lastKnownFileType = sourcecode.c.objc; path = IFTableGlyphCell.m; sourceTree = "<group>"; };
		52EE318718F97E7D00E27B86 /* iconfontr.app */ = {isa = PBXFileReference; explicitFileType = wrapper.application; includeInIndex = 0; path = iconfontr.app; sourceTree = BUILT_PRODUCTS_DIR; };
		52EE318A18F97E7D00E27B86 /* Cocoa.framework */ = {isa = PBXFileReference; lastKnownFileType = wrapper.framework; name = Cocoa.framework; path = System/Library/Frameworks/Cocoa.framework; sourceTree = SDKROOT; };
		52EE318D18F97E7D00E27B86 /* AppKit.framework */ = {isa = PBXFileReference; lastKnownFileType = wrapper.framework; name = AppKit.framework; path = System/Library/Frameworks/AppKit.framework; sourceTree = SDKROOT; };
		52EE318E18F97E7D00E27B86 /* CoreData.framework */ = {isa = PBXFileReference; lastKnownFileType = wrapper.framework; name = CoreData.framework; path = System/Library/Frameworks/CoreData.framework; sourceTree = SDKROOT; };
		52EE318F18F97E7D00E27B86 /* Foundation.framework */ = {isa = PBXFileReference; lastKnownFileType = wrapper.framework; name = Foundation.framework; path = System/Library/Frameworks/Foundation.framework; sourceTree = SDKROOT; };
		52EE319218F97E7D00E27B86 /* iconfontr-Info.plist */ = {isa = PBXFileReference; lastKnownFileType = text.plist.xml; path = "iconfontr-Info.plist"; sourceTree = "<group>"; };
		52EE319418F97E7D00E27B86 /* en */ = {isa = PBXFileReference; lastKnownFileType = text.plist.strings; name = en; path = en.lproj/InfoPlist.strings; sourceTree = "<group>"; };
		52EE319618F97E7D00E27B86 /* main.m */ = {isa = PBXFileReference; lastKnownFileType = sourcecode.c.objc; path = main.m; sourceTree = "<group>"; };
		52EE319818F97E7D00E27B86 /* iconfontr-Prefix.pch */ = {isa = PBXFileReference; lastKnownFileType = sourcecode.c.h; path = "iconfontr-Prefix.pch"; sourceTree = "<group>"; };
		52EE319A18F97E7D00E27B86 /* en */ = {isa = PBXFileReference; lastKnownFileType = text.rtf; name = en; path = en.lproj/Credits.rtf; sourceTree = "<group>"; };
		52EE319C18F97E7D00E27B86 /* IFFontDocument.h */ = {isa = PBXFileReference; lastKnownFileType = sourcecode.c.h; path = IFFontDocument.h; sourceTree = "<group>"; };
		52EE319D18F97E7D00E27B86 /* IFFontDocument.m */ = {isa = PBXFileReference; lastKnownFileType = sourcecode.c.objc; path = IFFontDocument.m; sourceTree = "<group>"; };
		52EE31A018F97E7D00E27B86 /* Base */ = {isa = PBXFileReference; lastKnownFileType = file.xib; name = Base; path = Base.lproj/IFDocumentWindow.xib; sourceTree = "<group>"; };
		52EE31A318F97E7D00E27B86 /* Base */ = {isa = PBXFileReference; lastKnownFileType = file.xib; name = Base; path = Base.lproj/MainMenu.xib; sourceTree = "<group>"; };
		52EE31A518F97E7D00E27B86 /* Images.xcassets */ = {isa = PBXFileReference; lastKnownFileType = folder.assetcatalog; path = Images.xcassets; sourceTree = "<group>"; };
		52EE31AC18F97E7E00E27B86 /* XCTest.framework */ = {isa = PBXFileReference; lastKnownFileType = wrapper.framework; name = XCTest.framework; path = Library/Frameworks/XCTest.framework; sourceTree = DEVELOPER_DIR; };
		52EE31CC18F9977800E27B86 /* IFCollectionGlyphCell.h */ = {isa = PBXFileReference; fileEncoding = 4; lastKnownFileType = sourcecode.c.h; path = IFCollectionGlyphCell.h; sourceTree = "<group>"; };
		52EE31CD18F9977800E27B86 /* IFCollectionGlyphCell.m */ = {isa = PBXFileReference; fileEncoding = 4; lastKnownFileType = sourcecode.c.objc; path = IFCollectionGlyphCell.m; sourceTree = "<group>"; };
		52F85C2118FD4A2100F42D76 /* IFCollectionGridLayout.h */ = {isa = PBXFileReference; fileEncoding = 4; lastKnownFileType = sourcecode.c.h; path = IFCollectionGridLayout.h; sourceTree = "<group>"; };
		52F85C2218FD4A2100F42D76 /* IFCollectionGridLayout.m */ = {isa = PBXFileReference; fileEncoding = 4; lastKnownFileType = sourcecode.c.objc; path = IFCollectionGridLayout.m; sourceTree = "<group>"; };
		F283762F9E844787A189F853 /* libPods.a */ = {isa = PBXFileReference; explicitFileType = archive.ar; includeInIndex = 0; path = libPods.a; sourceTree = BUILT_PRODUCTS_DIR; };
		FF01359447F44CD4818FB203 /* Pods.xcconfig */ = {isa = PBXFileReference; includeInIndex = 1; lastKnownFileType = text.xcconfig; name = Pods.xcconfig; path = Pods/Pods.xcconfig; sourceTree = "<group>"; };
/* End PBXFileReference section */

/* Begin PBXFrameworksBuildPhase section */
		52EE318418F97E7D00E27B86 /* Frameworks */ = {
			isa = PBXFrameworksBuildPhase;
			buildActionMask = 2147483647;
			files = (
				52EE318B18F97E7D00E27B86 /* Cocoa.framework in Frameworks */,
				8EE3D5A1536448EB95CF014A /* libPods.a in Frameworks */,
			);
			runOnlyForDeploymentPostprocessing = 0;
		};
/* End PBXFrameworksBuildPhase section */

/* Begin PBXGroup section */
		522BF99C1933547B00546EEF /* Property Panels */ = {
			isa = PBXGroup;
			children = (
				522BF99D193354A300546EEF /* IFPropertyPopover.h */,
				522BF99E193354A300546EEF /* IFPropertyPopover.m */,
				522BF99F193354A300546EEF /* IFPropertyView.xib */,
			);
			name = "Property Panels";
			sourceTree = "<group>";
		};
		52347301190BF79B0070B41A /* Export Window */ = {
			isa = PBXGroup;
			children = (
				52347302190BF81D0070B41A /* IFExportPanelController.h */,
				52347303190BF81D0070B41A /* IFExportPanelController.m */,
				52347304190BF81D0070B41A /* IFExportPanel.xib */,
				527B07BD191529E7004B845A /* resolution-preset.plist */,
			);
			name = "Export Window";
			sourceTree = "<group>";
		};
		526F294A18FD3D2A00DAAFCF /* Document Window */ = {
			isa = PBXGroup;
			children = (
				522BF99C1933547B00546EEF /* Property Panels */,
				526F294B18FD3D4100DAAFCF /* IFMagnifyCollectionView */,
				52EE319F18F97E7D00E27B86 /* IFDocumentWindow.xib */,
				526F294718FD2E9B00DAAFCF /* IFDocumentWindowController.h */,
				526F294818FD2E9B00DAAFCF /* IFDocumentWindowController.m */,
			);
			name = "Document Window";
			sourceTree = "<group>";
		};
		526F294B18FD3D4100DAAFCF /* IFMagnifyCollectionView */ = {
			isa = PBXGroup;
			children = (
				526F294C18FD3D8000DAAFCF /* IFMagnifyCollectionView.h */,
				526F294D18FD3D8000DAAFCF /* IFMagnifyCollectionView.m */,
				52F85C2118FD4A2100F42D76 /* IFCollectionGridLayout.h */,
				52F85C2218FD4A2100F42D76 /* IFCollectionGridLayout.m */,
			);
			name = IFMagnifyCollectionView;
			sourceTree = "<group>";
		};
		527A3916190BA54900F041FA /* SVG */ = {
			isa = PBXGroup;
			children = (
				527A3918190BA5B500F041FA /* NSBezierPath+SVGPathString.h */,
				527A3919190BA5B500F041FA /* NSBezierPath+SVGPathString.m */,
			);
			name = SVG;
			sourceTree = "<group>";
		};
		52C35F521914B75400A1408D /* Progress Panel */ = {
			isa = PBXGroup;
			children = (
				52C35F531914B82100A1408D /* IFProgressPanel.h */,
				52C35F541914B82100A1408D /* IFProgressPanel.m */,
			);
			name = "Progress Panel";
			sourceTree = "<group>";
		};
		52E8691A190FB65500E1C65A /* Views and Cells */ = {
			isa = PBXGroup;
			children = (
				52EE31CC18F9977800E27B86 /* IFCollectionGlyphCell.h */,
				52EE31CD18F9977800E27B86 /* IFCollectionGlyphCell.m */,
				52E8691B190FB82300E1C65A /* IFGlyphView.h */,
				52E8691C190FB82300E1C65A /* IFGlyphView.m */,
				52E869261910E1A200E1C65A /* IFTableGlyphCell.h */,
				52E869271910E1A200E1C65A /* IFTableGlyphCell.m */,
			);
			name = "Views and Cells";
			sourceTree = "<group>";
		};
		52E86921190FC56400E1C65A /* Icon Models */ = {
			isa = PBXGroup;
			children = (
				52E86922190FC59700E1C65A /* IFModelProtocol.h */,
				52E86923190FCB0700E1C65A /* IFFontGlyphModel.h */,
				52E86924190FCB0700E1C65A /* IFFontGlyphModel.m */,
			);
			name = "Icon Models";
			sourceTree = "<group>";
		};
		52EE317E18F97E7D00E27B86 = {
			isa = PBXGroup;
			children = (
				52EE319018F97E7D00E27B86 /* iconfontr */,
				52EE318918F97E7D00E27B86 /* Frameworks */,
				52EE318818F97E7D00E27B86 /* Products */,
				FF01359447F44CD4818FB203 /* Pods.xcconfig */,
			);
			sourceTree = "<group>";
		};
		52EE318818F97E7D00E27B86 /* Products */ = {
			isa = PBXGroup;
			children = (
				52EE318718F97E7D00E27B86 /* iconfontr.app */,
			);
			name = Products;
			sourceTree = "<group>";
		};
		52EE318918F97E7D00E27B86 /* Frameworks */ = {
			isa = PBXGroup;
			children = (
				52EE318A18F97E7D00E27B86 /* Cocoa.framework */,
				52EE31AC18F97E7E00E27B86 /* XCTest.framework */,
				52EE318C18F97E7D00E27B86 /* Other Frameworks */,
				F283762F9E844787A189F853 /* libPods.a */,
			);
			name = Frameworks;
			sourceTree = "<group>";
		};
		52EE318C18F97E7D00E27B86 /* Other Frameworks */ = {
			isa = PBXGroup;
			children = (
				52EE318D18F97E7D00E27B86 /* AppKit.framework */,
				52EE318E18F97E7D00E27B86 /* CoreData.framework */,
				52EE318F18F97E7D00E27B86 /* Foundation.framework */,
			);
			name = "Other Frameworks";
			sourceTree = "<group>";
		};
		52EE319018F97E7D00E27B86 /* iconfontr */ = {
			isa = PBXGroup;
			children = (
				52E86921190FC56400E1C65A /* Icon Models */,
				52E8691A190FB65500E1C65A /* Views and Cells */,
				527A3916190BA54900F041FA /* SVG */,
				52C35F521914B75400A1408D /* Progress Panel */,
				52347301190BF79B0070B41A /* Export Window */,
				526F294A18FD3D2A00DAAFCF /* Document Window */,
				52EE319C18F97E7D00E27B86 /* IFFontDocument.h */,
				52EE319D18F97E7D00E27B86 /* IFFontDocument.m */,
				52EE31A218F97E7D00E27B86 /* MainMenu.xib */,
				52EE31A518F97E7D00E27B86 /* Images.xcassets */,
				52EE319118F97E7D00E27B86 /* Supporting Files */,
			);
			path = iconfontr;
			sourceTree = "<group>";
		};
		52EE319118F97E7D00E27B86 /* Supporting Files */ = {
			isa = PBXGroup;
			children = (
				52EE319218F97E7D00E27B86 /* iconfontr-Info.plist */,
				52EE319318F97E7D00E27B86 /* InfoPlist.strings */,
				52EE319618F97E7D00E27B86 /* main.m */,
				52EE319818F97E7D00E27B86 /* iconfontr-Prefix.pch */,
				52EE319918F97E7D00E27B86 /* Credits.rtf */,
			);
			name = "Supporting Files";
			sourceTree = "<group>";
		};
/* End PBXGroup section */

/* Begin PBXNativeTarget section */
		52EE318618F97E7D00E27B86 /* iconfontr */ = {
			isa = PBXNativeTarget;
			buildConfigurationList = 52EE31BB18F97E7E00E27B86 /* Build configuration list for PBXNativeTarget "iconfontr" */;
			buildPhases = (
				05DCDF3A56344C359044E702 /* Check Pods Manifest.lock */,
				52EE318318F97E7D00E27B86 /* Sources */,
				52EE318418F97E7D00E27B86 /* Frameworks */,
				52EE318518F97E7D00E27B86 /* Resources */,
				52C539B4191658120036867F /* ShellScript */,
				56CDBE288A8B4DC6815F7E6B /* Copy Pods Resources */,
			);
			buildRules = (
			);
			dependencies = (
			);
			name = iconfontr;
			productName = iconfontr;
			productReference = 52EE318718F97E7D00E27B86 /* iconfontr.app */;
			productType = "com.apple.product-type.application";
		};
/* End PBXNativeTarget section */

/* Begin PBXProject section */
		52EE317F18F97E7D00E27B86 /* Project object */ = {
			isa = PBXProject;
			attributes = {
				CLASSPREFIX = IF;
				LastUpgradeCheck = 0510;
				ORGANIZATIONNAME = "io-meter";
				TargetAttributes = {
					52EE318618F97E7D00E27B86 = {
						DevelopmentTeam = MC98392EJC;
						SystemCapabilities = {
							com.apple.Sandbox = {
								enabled = 0;
							};
						};
					};
				};
			};
			buildConfigurationList = 52EE318218F97E7D00E27B86 /* Build configuration list for PBXProject "iconfontr" */;
			compatibilityVersion = "Xcode 3.2";
			developmentRegion = English;
			hasScannedForEncodings = 0;
			knownRegions = (
				en,
				Base,
			);
			mainGroup = 52EE317E18F97E7D00E27B86;
			productRefGroup = 52EE318818F97E7D00E27B86 /* Products */;
			projectDirPath = "";
			projectRoot = "";
			targets = (
				52EE318618F97E7D00E27B86 /* iconfontr */,
			);
		};
/* End PBXProject section */

/* Begin PBXResourcesBuildPhase section */
		52EE318518F97E7D00E27B86 /* Resources */ = {
			isa = PBXResourcesBuildPhase;
			buildActionMask = 2147483647;
			files = (
				52EE319518F97E7D00E27B86 /* InfoPlist.strings in Resources */,
				52347306190BF81D0070B41A /* IFExportPanel.xib in Resources */,
				522BF9A1193354A300546EEF /* IFPropertyView.xib in Resources */,
				52EE31A618F97E7D00E27B86 /* Images.xcassets in Resources */,
				52EE319B18F97E7D00E27B86 /* Credits.rtf in Resources */,
				52EE31A118F97E7D00E27B86 /* IFDocumentWindow.xib in Resources */,
				52EE31A418F97E7D00E27B86 /* MainMenu.xib in Resources */,
				527B07BE191529E7004B845A /* resolution-preset.plist in Resources */,
			);
			runOnlyForDeploymentPostprocessing = 0;
		};
/* End PBXResourcesBuildPhase section */

/* Begin PBXShellScriptBuildPhase section */
		05DCDF3A56344C359044E702 /* Check Pods Manifest.lock */ = {
			isa = PBXShellScriptBuildPhase;
			buildActionMask = 2147483647;
			files = (
			);
			inputPaths = (
			);
			name = "Check Pods Manifest.lock";
			outputPaths = (
			);
			runOnlyForDeploymentPostprocessing = 0;
			shellPath = /bin/sh;
			shellScript = "diff \"${PODS_ROOT}/../Podfile.lock\" \"${PODS_ROOT}/Manifest.lock\" > /dev/null\nif [[ $? != 0 ]] ; then\n    cat << EOM\nerror: The sandbox is not in sync with the Podfile.lock. Run 'pod install' or update your CocoaPods installation.\nEOM\n    exit 1\nfi\n";
			showEnvVarsInLog = 0;
		};
		52C539B4191658120036867F /* ShellScript */ = {
			isa = PBXShellScriptBuildPhase;
			buildActionMask = 2147483647;
			files = (
			);
			inputPaths = (
			);
			outputPaths = (
			);
			runOnlyForDeploymentPostprocessing = 0;
			shellPath = /bin/sh;
			shellScript = "#!/bin/bash\nbuildNumber=$(/usr/libexec/PlistBuddy -c \"Print CFBundleVersion\" \"$INFOPLIST_FILE\")\nbuildNumber=$(($buildNumber + 1))\n/usr/libexec/PlistBuddy -c \"Set :CFBundleVersion $buildNumber\" \"$INFOPLIST_FILE\"";
		};
		56CDBE288A8B4DC6815F7E6B /* Copy Pods Resources */ = {
			isa = PBXShellScriptBuildPhase;
			buildActionMask = 2147483647;
			files = (
			);
			inputPaths = (
			);
			name = "Copy Pods Resources";
			outputPaths = (
			);
			runOnlyForDeploymentPostprocessing = 0;
			shellPath = /bin/sh;
			shellScript = "\"${SRCROOT}/Pods/Pods-resources.sh\"\n";
			showEnvVarsInLog = 0;
		};
/* End PBXShellScriptBuildPhase section */

/* Begin PBXSourcesBuildPhase section */
		52EE318318F97E7D00E27B86 /* Sources */ = {
			isa = PBXSourcesBuildPhase;
			buildActionMask = 2147483647;
			files = (
				52E869281910E1A200E1C65A /* IFTableGlyphCell.m in Sources */,
				52EE31CE18F9977800E27B86 /* IFCollectionGlyphCell.m in Sources */,
				526F294918FD2E9B00DAAFCF /* IFDocumentWindowController.m in Sources */,
				52E86925190FCB0700E1C65A /* IFFontGlyphModel.m in Sources */,
				52C35F551914B82100A1408D /* IFProgressPanel.m in Sources */,
				52EE319718F97E7D00E27B86 /* main.m in Sources */,
				522BF9A0193354A300546EEF /* IFPropertyPopover.m in Sources */,
				52347305190BF81D0070B41A /* IFExportPanelController.m in Sources */,
				526F294E18FD3D8000DAAFCF /* IFMagnifyCollectionView.m in Sources */,
				52E8691D190FB82300E1C65A /* IFGlyphView.m in Sources */,
				527A391A190BA5B500F041FA /* NSBezierPath+SVGPathString.m in Sources */,
				52F85C2318FD4A2100F42D76 /* IFCollectionGridLayout.m in Sources */,
				52EE319E18F97E7D00E27B86 /* IFFontDocument.m in Sources */,
			);
			runOnlyForDeploymentPostprocessing = 0;
		};
/* End PBXSourcesBuildPhase section */

/* Begin PBXVariantGroup section */
		52EE319318F97E7D00E27B86 /* InfoPlist.strings */ = {
			isa = PBXVariantGroup;
			children = (
				52EE319418F97E7D00E27B86 /* en */,
			);
			name = InfoPlist.strings;
			sourceTree = "<group>";
		};
		52EE319918F97E7D00E27B86 /* Credits.rtf */ = {
			isa = PBXVariantGroup;
			children = (
				52EE319A18F97E7D00E27B86 /* en */,
			);
			name = Credits.rtf;
			sourceTree = "<group>";
		};
		52EE319F18F97E7D00E27B86 /* IFDocumentWindow.xib */ = {
			isa = PBXVariantGroup;
			children = (
				52EE31A018F97E7D00E27B86 /* Base */,
			);
			name = IFDocumentWindow.xib;
			sourceTree = "<group>";
		};
		52EE31A218F97E7D00E27B86 /* MainMenu.xib */ = {
			isa = PBXVariantGroup;
			children = (
				52EE31A318F97E7D00E27B86 /* Base */,
			);
			name = MainMenu.xib;
			sourceTree = "<group>";
		};
/* End PBXVariantGroup section */

/* Begin XCBuildConfiguration section */
		52EE31B918F97E7E00E27B86 /* Debug */ = {
			isa = XCBuildConfiguration;
			buildSettings = {
				ALWAYS_SEARCH_USER_PATHS = NO;
				CLANG_CXX_LANGUAGE_STANDARD = "gnu++0x";
				CLANG_CXX_LIBRARY = "libc++";
				CLANG_ENABLE_MODULES = YES;
				CLANG_ENABLE_OBJC_ARC = YES;
				CLANG_WARN_BOOL_CONVERSION = YES;
				CLANG_WARN_CONSTANT_CONVERSION = YES;
				CLANG_WARN_DIRECT_OBJC_ISA_USAGE = YES_ERROR;
				CLANG_WARN_EMPTY_BODY = YES;
				CLANG_WARN_ENUM_CONVERSION = YES;
				CLANG_WARN_INT_CONVERSION = YES;
				CLANG_WARN_OBJC_ROOT_CLASS = YES_ERROR;
				CLANG_WARN__DUPLICATE_METHOD_MATCH = YES;
				COPY_PHASE_STRIP = NO;
				GCC_C_LANGUAGE_STANDARD = gnu99;
				GCC_DYNAMIC_NO_PIC = NO;
				GCC_ENABLE_OBJC_EXCEPTIONS = YES;
				GCC_OPTIMIZATION_LEVEL = 0;
				GCC_PREPROCESSOR_DEFINITIONS = (
					"DEBUG=1",
					"$(inherited)",
				);
				GCC_SYMBOLS_PRIVATE_EXTERN = NO;
				GCC_WARN_64_TO_32_BIT_CONVERSION = YES;
				GCC_WARN_ABOUT_RETURN_TYPE = YES_ERROR;
				GCC_WARN_UNDECLARED_SELECTOR = YES;
				GCC_WARN_UNINITIALIZED_AUTOS = YES_AGGRESSIVE;
				GCC_WARN_UNUSED_FUNCTION = YES;
				GCC_WARN_UNUSED_VARIABLE = YES;
				MACOSX_DEPLOYMENT_TARGET = 10.9;
				ONLY_ACTIVE_ARCH = YES;
				SDKROOT = macosx;
			};
			name = Debug;
		};
		52EE31BA18F97E7E00E27B86 /* Release */ = {
			isa = XCBuildConfiguration;
			buildSettings = {
				ALWAYS_SEARCH_USER_PATHS = NO;
				CLANG_CXX_LANGUAGE_STANDARD = "gnu++0x";
				CLANG_CXX_LIBRARY = "libc++";
				CLANG_ENABLE_MODULES = YES;
				CLANG_ENABLE_OBJC_ARC = YES;
				CLANG_WARN_BOOL_CONVERSION = YES;
				CLANG_WARN_CONSTANT_CONVERSION = YES;
				CLANG_WARN_DIRECT_OBJC_ISA_USAGE = YES_ERROR;
				CLANG_WARN_EMPTY_BODY = YES;
				CLANG_WARN_ENUM_CONVERSION = YES;
				CLANG_WARN_INT_CONVERSION = YES;
				CLANG_WARN_OBJC_ROOT_CLASS = YES_ERROR;
				CLANG_WARN__DUPLICATE_METHOD_MATCH = YES;
				COPY_PHASE_STRIP = YES;
				DEBUG_INFORMATION_FORMAT = "dwarf-with-dsym";
				ENABLE_NS_ASSERTIONS = NO;
				GCC_C_LANGUAGE_STANDARD = gnu99;
				GCC_ENABLE_OBJC_EXCEPTIONS = YES;
				GCC_WARN_64_TO_32_BIT_CONVERSION = YES;
				GCC_WARN_ABOUT_RETURN_TYPE = YES_ERROR;
				GCC_WARN_UNDECLARED_SELECTOR = YES;
				GCC_WARN_UNINITIALIZED_AUTOS = YES_AGGRESSIVE;
				GCC_WARN_UNUSED_FUNCTION = YES;
				GCC_WARN_UNUSED_VARIABLE = YES;
				MACOSX_DEPLOYMENT_TARGET = 10.9;
				SDKROOT = macosx;
			};
			name = Release;
		};
		52EE31BC18F97E7E00E27B86 /* Debug */ = {
			isa = XCBuildConfiguration;
			baseConfigurationReference = FF01359447F44CD4818FB203 /* Pods.xcconfig */;
			buildSettings = {
				ASSETCATALOG_COMPILER_APPICON_NAME = AppIcon;
				COMBINE_HIDPI_IMAGES = YES;
				GCC_PRECOMPILE_PREFIX_HEADER = YES;
				GCC_PREFIX_HEADER = "iconfontr/iconfontr-Prefix.pch";
				INFOPLIST_FILE = "iconfontr/iconfontr-Info.plist";
				PRODUCT_NAME = "$(TARGET_NAME)";
				WRAPPER_EXTENSION = app;
			};
			name = Debug;
		};
		52EE31BD18F97E7E00E27B86 /* Release */ = {
			isa = XCBuildConfiguration;
			baseConfigurationReference = FF01359447F44CD4818FB203 /* Pods.xcconfig */;
			buildSettings = {
				ASSETCATALOG_COMPILER_APPICON_NAME = AppIcon;
				COMBINE_HIDPI_IMAGES = YES;
				GCC_PRECOMPILE_PREFIX_HEADER = YES;
				GCC_PREFIX_HEADER = "iconfontr/iconfontr-Prefix.pch";
				INFOPLIST_FILE = "iconfontr/iconfontr-Info.plist";
				PRODUCT_NAME = "$(TARGET_NAME)";
				WRAPPER_EXTENSION = app;
			};
			name = Release;
		};
/* End XCBuildConfiguration section */

/* Begin XCConfigurationList section */
		52EE318218F97E7D00E27B86 /* Build configuration list for PBXProject "iconfontr" */ = {
			isa = XCConfigurationList;
			buildConfigurations = (
				52EE31B918F97E7E00E27B86 /* Debug */,
				52EE31BA18F97E7E00E27B86 /* Release */,
			);
			defaultConfigurationIsVisible = 0;
			defaultConfigurationName = Release;
		};
		52EE31BB18F97E7E00E27B86 /* Build configuration list for PBXNativeTarget "iconfontr" */ = {
			isa = XCConfigurationList;
			buildConfigurations = (
				52EE31BC18F97E7E00E27B86 /* Debug */,
				52EE31BD18F97E7E00E27B86 /* Release */,
			);
			defaultConfigurationIsVisible = 0;
			defaultConfigurationName = Release;
		};
/* End XCConfigurationList section */
	};
	rootObject = 52EE317F18F97E7D00E27B86 /* Project object */;
}
